
Microsoft Visual Studio Solution File, Format Version 12.00
# Visual Studio Version 17
VisualStudioVersion = 17.14.36221.1
MinimumVisualStudioVersion = 10.0.40219.1
Project("{FAE04EC0-301F-11D3-BF4B-00C04F79EFBC}") = "ReelerGameSimulator", "ReelerGameSimulator\ReelerGameSimulator.csproj", "{C2E020CF-A742-4D89-8BAB-4B899A19DD9E}"
EndProject
Project("{FAE04EC0-301F-11D3-BF4B-00C04F79EFBC}") = "ReelerGameCalculator", "ReelerGameCalculator\ReelerGameCalculator.csproj", "{7A4B44EA-5D08-73C1-6487-7D5E678132BF}"
EndProject
Global
	GlobalSection(SolutionConfigurationPlatforms) = preSolution
		Debug|Any CPU = Debug|Any CPU
		Release|Any CPU = Release|Any CPU
	EndGlobalSection
	GlobalSection(ProjectConfigurationPlatforms) = postSolution
		{C2E020CF-A742-4D89-8BAB-4B899A19DD9E}.Debug|Any CPU.ActiveCfg = Debug|Any CPU
		{C2E020CF-A742-4D89-8BAB-4B899A19DD9E}.Debug|Any CPU.Build.0 = Debug|Any CPU
		{C2E020CF-A742-4D89-8BAB-4B899A19DD9E}.Release|Any CPU.ActiveCfg = Release|Any CPU
		{C2E020CF-A742-4D89-8BAB-4B899A19DD9E}.Release|Any CPU.Build.0 = Release|Any CPU
		{7A4B44EA-5D08-73C1-6487-7D5E678132BF}.Debug|Any CPU.ActiveCfg = Debug|Any CPU
		{7A4B44EA-5D08-73C1-6487-7D5E678132BF}.Debug|Any CPU.Build.0 = Debug|Any CPU
		{7A4B44EA-5D08-73C1-6487-7D5E678132BF}.Release|Any CPU.ActiveCfg = Release|Any CPU
		{7A4B44EA-5D08-73C1-6487-7D5E678132BF}.Release|Any CPU.Build.0 = Release|Any CPU
	EndGlobalSection
	GlobalSection(SolutionProperties) = preSolution
		HideSolutionNode = FALSE
	EndGlobalSection
	GlobalSection(ExtensibilityGlobals) = postSolution
		SolutionGuid = {E137B7E1-3817-4627-BC0C-67F6A5BB2563}
	EndGlobalSection
EndGlobal
